
Microsoft Visual Studio Solution File, Format Version 12.00
# Visual Studio 14
VisualStudioVersion = 14.0.25123.0
MinimumVisualStudioVersion = 10.0.40219.1
Project("{8BC9CEB8-8B4A-11D0-8D11-00A0C91BC942}") = "libcal", "libcal\libcal.vcxproj", "{48B4F2CD-B1F9-45C4-8CBD-9DC5C5E4D67A}"
EndProject
Project("{8BC9CEB8-8B4A-11D0-8D11-00A0C91BC942}") = "basefunc", "basefunc\basefunc.vcxproj", "{299134B6-ED1A-497A-B526-F884BBC684AF}"
	ProjectSection(ProjectDependencies) = postProject
		{48B4F2CD-B1F9-45C4-8CBD-9DC5C5E4D67A} = {48B4F2CD-B1F9-45C4-8CBD-9DC5C5E4D67A}
	EndProjectSection
EndProject
Project("{FAE04EC0-301F-11D3-BF4B-00C04F79EFBC}") = "WpfGUI", "WpfGUI\WpfGUI.csproj", "{C4F00145-82D5-4309-93C7-A7A5638756E2}"
	ProjectSection(ProjectDependencies) = postProject
		{9995184F-8AE9-4A44-AF72-141BB5F72AB4} = {9995184F-8AE9-4A44-AF72-141BB5F72AB4}
	EndProjectSection
EndProject
Project("{8BC9CEB8-8B4A-11D0-8D11-00A0C91BC942}") = "cli", "cli\cli.vcxproj", "{9A6641D4-7FA7-43D5-8127-B5CAFD3081AF}"
	ProjectSection(ProjectDependencies) = postProject
		{299134B6-ED1A-497A-B526-F884BBC684AF} = {299134B6-ED1A-497A-B526-F884BBC684AF}
	EndProjectSection
EndProject
Project("{8BC9CEB8-8B4A-11D0-8D11-00A0C91BC942}") = "basefuncdll", "basefuncdll\basefuncdll.vcxproj", "{9995184F-8AE9-4A44-AF72-141BB5F72AB4}"
	ProjectSection(ProjectDependencies) = postProject
		{299134B6-ED1A-497A-B526-F884BBC684AF} = {299134B6-ED1A-497A-B526-F884BBC684AF}
	EndProjectSection
EndProject
Project("{8BC9CEB8-8B4A-11D0-8D11-00A0C91BC942}") = "speedtest", "speedtest\speedtest.vcxproj", "{ABF64DD4-8EBA-4BCD-824F-74BB0AD9912B}"
	ProjectSection(ProjectDependencies) = postProject
		{299134B6-ED1A-497A-B526-F884BBC684AF} = {299134B6-ED1A-497A-B526-F884BBC684AF}
	EndProjectSection
EndProject
Global
	GlobalSection(SolutionConfigurationPlatforms) = preSolution
		Debug|Any CPU = Debug|Any CPU
		Debug|x64 = Debug|x64
		Debug|x86 = Debug|x86
		Release|Any CPU = Release|Any CPU
		Release|x64 = Release|x64
		Release|x86 = Release|x86
	EndGlobalSection
	GlobalSection(ProjectConfigurationPlatforms) = postSolution
		{48B4F2CD-B1F9-45C4-8CBD-9DC5C5E4D67A}.Debug|Any CPU.ActiveCfg = Debug|Win32
		{48B4F2CD-B1F9-45C4-8CBD-9DC5C5E4D67A}.Debug|x64.ActiveCfg = Debug|x64
		{48B4F2CD-B1F9-45C4-8CBD-9DC5C5E4D67A}.Debug|x64.Build.0 = Debug|x64
		{48B4F2CD-B1F9-45C4-8CBD-9DC5C5E4D67A}.Debug|x86.ActiveCfg = Debug|Win32
		{48B4F2CD-B1F9-45C4-8CBD-9DC5C5E4D67A}.Debug|x86.Build.0 = Debug|Win32
		{48B4F2CD-B1F9-45C4-8CBD-9DC5C5E4D67A}.Release|Any CPU.ActiveCfg = Release|Win32
		{48B4F2CD-B1F9-45C4-8CBD-9DC5C5E4D67A}.Release|x64.ActiveCfg = Release|x64
		{48B4F2CD-B1F9-45C4-8CBD-9DC5C5E4D67A}.Release|x64.Build.0 = Release|x64
		{48B4F2CD-B1F9-45C4-8CBD-9DC5C5E4D67A}.Release|x86.ActiveCfg = Release|Win32
		{48B4F2CD-B1F9-45C4-8CBD-9DC5C5E4D67A}.Release|x86.Build.0 = Release|Win32
		{299134B6-ED1A-497A-B526-F884BBC684AF}.Debug|Any CPU.ActiveCfg = Debug|Win32
		{299134B6-ED1A-497A-B526-F884BBC684AF}.Debug|x64.ActiveCfg = Debug|x64
		{299134B6-ED1A-497A-B526-F884BBC684AF}.Debug|x64.Build.0 = Debug|x64
		{299134B6-ED1A-497A-B526-F884BBC684AF}.Debug|x86.ActiveCfg = Debug|Win32
		{299134B6-ED1A-497A-B526-F884BBC684AF}.Debug|x86.Build.0 = Debug|Win32
		{299134B6-ED1A-497A-B526-F884BBC684AF}.Release|Any CPU.ActiveCfg = Release|Win32
		{299134B6-ED1A-497A-B526-F884BBC684AF}.Release|x64.ActiveCfg = Release|x64
		{299134B6-ED1A-497A-B526-F884BBC684AF}.Release|x64.Build.0 = Release|x64
		{299134B6-ED1A-497A-B526-F884BBC684AF}.Release|x86.ActiveCfg = Release|Win32
		{299134B6-ED1A-497A-B526-F884BBC684AF}.Release|x86.Build.0 = Release|Win32
		{C4F00145-82D5-4309-93C7-A7A5638756E2}.Debug|Any CPU.ActiveCfg = Debug|Any CPU
		{C4F00145-82D5-4309-93C7-A7A5638756E2}.Debug|Any CPU.Build.0 = Debug|Any CPU
		{C4F00145-82D5-4309-93C7-A7A5638756E2}.Debug|x64.ActiveCfg = Debug|Any CPU
		{C4F00145-82D5-4309-93C7-A7A5638756E2}.Debug|x64.Build.0 = Debug|Any CPU
		{C4F00145-82D5-4309-93C7-A7A5638756E2}.Debug|x86.ActiveCfg = Debug|Any CPU
		{C4F00145-82D5-4309-93C7-A7A5638756E2}.Debug|x86.Build.0 = Debug|Any CPU
		{C4F00145-82D5-4309-93C7-A7A5638756E2}.Release|Any CPU.ActiveCfg = Release|Any CPU
		{C4F00145-82D5-4309-93C7-A7A5638756E2}.Release|Any CPU.Build.0 = Release|Any CPU
		{C4F00145-82D5-4309-93C7-A7A5638756E2}.Release|x64.ActiveCfg = Release|Any CPU
		{C4F00145-82D5-4309-93C7-A7A5638756E2}.Release|x64.Build.0 = Release|Any CPU
		{C4F00145-82D5-4309-93C7-A7A5638756E2}.Release|x86.ActiveCfg = Release|Any CPU
		{C4F00145-82D5-4309-93C7-A7A5638756E2}.Release|x86.Build.0 = Release|Any CPU
		{9A6641D4-7FA7-43D5-8127-B5CAFD3081AF}.Debug|Any CPU.ActiveCfg = Debug|Win32
		{9A6641D4-7FA7-43D5-8127-B5CAFD3081AF}.Debug|x64.ActiveCfg = Debug|x64
		{9A6641D4-7FA7-43D5-8127-B5CAFD3081AF}.Debug|x64.Build.0 = Debug|x64
		{9A6641D4-7FA7-43D5-8127-B5CAFD3081AF}.Debug|x86.ActiveCfg = Debug|Win32
		{9A6641D4-7FA7-43D5-8127-B5CAFD3081AF}.Debug|x86.Build.0 = Debug|Win32
		{9A6641D4-7FA7-43D5-8127-B5CAFD3081AF}.Release|Any CPU.ActiveCfg = Release|Win32
		{9A6641D4-7FA7-43D5-8127-B5CAFD3081AF}.Release|x64.ActiveCfg = Release|x64
		{9A6641D4-7FA7-43D5-8127-B5CAFD3081AF}.Release|x64.Build.0 = Release|x64
		{9A6641D4-7FA7-43D5-8127-B5CAFD3081AF}.Release|x86.ActiveCfg = Release|Win32
		{9A6641D4-7FA7-43D5-8127-B5CAFD3081AF}.Release|x86.Build.0 = Release|Win32
		{9995184F-8AE9-4A44-AF72-141BB5F72AB4}.Debug|Any CPU.ActiveCfg = Debug|Win32
		{9995184F-8AE9-4A44-AF72-141BB5F72AB4}.Debug|x64.ActiveCfg = Debug|x64
		{9995184F-8AE9-4A44-AF72-141BB5F72AB4}.Debug|x64.Build.0 = Debug|x64
		{9995184F-8AE9-4A44-AF72-141BB5F72AB4}.Debug|x86.ActiveCfg = Debug|Win32
		{9995184F-8AE9-4A44-AF72-141BB5F72AB4}.Debug|x86.Build.0 = Debug|Win32
		{9995184F-8AE9-4A44-AF72-141BB5F72AB4}.Release|Any CPU.ActiveCfg = Release|Win32
		{9995184F-8AE9-4A44-AF72-141BB5F72AB4}.Release|x64.ActiveCfg = Release|x64
		{9995184F-8AE9-4A44-AF72-141BB5F72AB4}.Release|x64.Build.0 = Release|x64
		{9995184F-8AE9-4A44-AF72-141BB5F72AB4}.Release|x86.ActiveCfg = Release|Win32
		{9995184F-8AE9-4A44-AF72-141BB5F72AB4}.Release|x86.Build.0 = Release|Win32
		{ABF64DD4-8EBA-4BCD-824F-74BB0AD9912B}.Debug|Any CPU.ActiveCfg = Debug|Win32
		{ABF64DD4-8EBA-4BCD-824F-74BB0AD9912B}.Debug|x64.ActiveCfg = Debug|x64
		{ABF64DD4-8EBA-4BCD-824F-74BB0AD9912B}.Debug|x64.Build.0 = Debug|x64
		{ABF64DD4-8EBA-4BCD-824F-74BB0AD9912B}.Debug|x86.ActiveCfg = Debug|Win32
		{ABF64DD4-8EBA-4BCD-824F-74BB0AD9912B}.Debug|x86.Build.0 = Debug|Win32
		{ABF64DD4-8EBA-4BCD-824F-74BB0AD9912B}.Release|Any CPU.ActiveCfg = Release|Win32
		{ABF64DD4-8EBA-4BCD-824F-74BB0AD9912B}.Release|x64.ActiveCfg = Release|x64
		{ABF64DD4-8EBA-4BCD-824F-74BB0AD9912B}.Release|x64.Build.0 = Release|x64
		{ABF64DD4-8EBA-4BCD-824F-74BB0AD9912B}.Release|x86.ActiveCfg = Release|Win32
		{ABF64DD4-8EBA-4BCD-824F-74BB0AD9912B}.Release|x86.Build.0 = Release|Win32
	EndGlobalSection
	GlobalSection(SolutionProperties) = preSolution
		HideSolutionNode = FALSE
	EndGlobalSection
EndGlobal
